
Microsoft Visual Studio Solution File, Format Version 12.00
# Visual Studio Version 16
VisualStudioVersion = 16.0.30204.135
MinimumVisualStudioVersion = 10.0.40219.1
Project("{FAE04EC0-301F-11D3-BF4B-00C04F79EFBC}") = "Remove the negatives", "Remove the negatives\Remove the negatives.csproj", "{FFD691D5-70B4-46E3-941F-0ECF39DDA218}"
EndProject
Global
	GlobalSection(SolutionConfigurationPlatforms) = preSolution
		Debug|Any CPU = Debug|Any CPU
		Release|Any CPU = Release|Any CPU
	EndGlobalSection
	GlobalSection(ProjectConfigurationPlatforms) = postSolution
		{FFD691D5-70B4-46E3-941F-0ECF39DDA218}.Debug|Any CPU.ActiveCfg = Debug|Any CPU
		{FFD691D5-70B4-46E3-941F-0ECF39DDA218}.Debug|Any CPU.Build.0 = Debug|Any CPU
		{FFD691D5-70B4-46E3-941F-0ECF39DDA218}.Release|Any CPU.ActiveCfg = Release|Any CPU
		{FFD691D5-70B4-46E3-941F-0ECF39DDA218}.Release|Any CPU.Build.0 = Release|Any CPU
	EndGlobalSection
	GlobalSection(SolutionProperties) = preSolution
		HideSolutionNode = FALSE
	EndGlobalSection
	GlobalSection(ExtensibilityGlobals) = postSolution
		SolutionGuid = {5CADA630-0A75-4108-B39C-B96F793DCC52}
	EndGlobalSection
EndGlobal
