
Microsoft Visual Studio Solution File, Format Version 12.00
# Visual Studio Version 16
VisualStudioVersion = 16.0.29609.76
MinimumVisualStudioVersion = 10.0.40219.1
Project("{FAE04EC0-301F-11D3-BF4B-00C04F79EFBC}") = "How Many Times N", "How Many Times N\How Many Times N.csproj", "{30BC40BB-1197-4A00-A73D-FC5AF4828775}"
EndProject
Global
	GlobalSection(SolutionConfigurationPlatforms) = preSolution
		Debug|Any CPU = Debug|Any CPU
		Release|Any CPU = Release|Any CPU
	EndGlobalSection
	GlobalSection(ProjectConfigurationPlatforms) = postSolution
		{30BC40BB-1197-4A00-A73D-FC5AF4828775}.Debug|Any CPU.ActiveCfg = Debug|Any CPU
		{30BC40BB-1197-4A00-A73D-FC5AF4828775}.Debug|Any CPU.Build.0 = Debug|Any CPU
		{30BC40BB-1197-4A00-A73D-FC5AF4828775}.Release|Any CPU.ActiveCfg = Release|Any CPU
		{30BC40BB-1197-4A00-A73D-FC5AF4828775}.Release|Any CPU.Build.0 = Release|Any CPU
	EndGlobalSection
	GlobalSection(SolutionProperties) = preSolution
		HideSolutionNode = FALSE
	EndGlobalSection
	GlobalSection(ExtensibilityGlobals) = postSolution
		SolutionGuid = {34C373B8-6D35-404C-A001-8D5218299400}
	EndGlobalSection
EndGlobal
