
Microsoft Visual Studio Solution File, Format Version 12.00
# Visual Studio Version 16
VisualStudioVersion = 16.0.29609.76
MinimumVisualStudioVersion = 10.0.40219.1
Project("{FAE04EC0-301F-11D3-BF4B-00C04F79EFBC}") = "AppendTwoIntoAThirdText", "AppendTwoIntoAThirdText\AppendTwoIntoAThirdText.csproj", "{D4D66D07-A2EA-4455-9251-2EFF84F6C2E0}"
EndProject
Global
	GlobalSection(SolutionConfigurationPlatforms) = preSolution
		Debug|Any CPU = Debug|Any CPU
		Release|Any CPU = Release|Any CPU
	EndGlobalSection
	GlobalSection(ProjectConfigurationPlatforms) = postSolution
		{D4D66D07-A2EA-4455-9251-2EFF84F6C2E0}.Debug|Any CPU.ActiveCfg = Debug|Any CPU
		{D4D66D07-A2EA-4455-9251-2EFF84F6C2E0}.Debug|Any CPU.Build.0 = Debug|Any CPU
		{D4D66D07-A2EA-4455-9251-2EFF84F6C2E0}.Release|Any CPU.ActiveCfg = Release|Any CPU
		{D4D66D07-A2EA-4455-9251-2EFF84F6C2E0}.Release|Any CPU.Build.0 = Release|Any CPU
	EndGlobalSection
	GlobalSection(SolutionProperties) = preSolution
		HideSolutionNode = FALSE
	EndGlobalSection
	GlobalSection(ExtensibilityGlobals) = postSolution
		SolutionGuid = {2FB07FBB-6FED-49CE-B947-3B0BABB7C865}
	EndGlobalSection
EndGlobal
