
Microsoft Visual Studio Solution File, Format Version 12.00
# Visual Studio Version 16
VisualStudioVersion = 16.0.29609.76
MinimumVisualStudioVersion = 10.0.40219.1
Project("{FAE04EC0-301F-11D3-BF4B-00C04F79EFBC}") = "Index of the letter in a word", "Index of the letter in a word\Index of the letter in a word.csproj", "{02C66FDF-F5F2-42AE-B67D-5EA000EC884C}"
EndProject
Global
	GlobalSection(SolutionConfigurationPlatforms) = preSolution
		Debug|Any CPU = Debug|Any CPU
		Release|Any CPU = Release|Any CPU
	EndGlobalSection
	GlobalSection(ProjectConfigurationPlatforms) = postSolution
		{02C66FDF-F5F2-42AE-B67D-5EA000EC884C}.Debug|Any CPU.ActiveCfg = Debug|Any CPU
		{02C66FDF-F5F2-42AE-B67D-5EA000EC884C}.Debug|Any CPU.Build.0 = Debug|Any CPU
		{02C66FDF-F5F2-42AE-B67D-5EA000EC884C}.Release|Any CPU.ActiveCfg = Release|Any CPU
		{02C66FDF-F5F2-42AE-B67D-5EA000EC884C}.Release|Any CPU.Build.0 = Release|Any CPU
	EndGlobalSection
	GlobalSection(SolutionProperties) = preSolution
		HideSolutionNode = FALSE
	EndGlobalSection
	GlobalSection(ExtensibilityGlobals) = postSolution
		SolutionGuid = {57673CE0-8717-4AB3-9F55-4A04F98D8760}
	EndGlobalSection
EndGlobal
