
Microsoft Visual Studio Solution File, Format Version 12.00
# Visual Studio Version 16
VisualStudioVersion = 16.0.29609.76
MinimumVisualStudioVersion = 10.0.40219.1
Project("{FAE04EC0-301F-11D3-BF4B-00C04F79EFBC}") = "Mathematical Expressions", "Mathematical Expressions\Mathematical Expressions.csproj", "{D1C2CF6B-F94D-4EA0-95F5-D84C1C000D3B}"
EndProject
Global
	GlobalSection(SolutionConfigurationPlatforms) = preSolution
		Debug|Any CPU = Debug|Any CPU
		Release|Any CPU = Release|Any CPU
	EndGlobalSection
	GlobalSection(ProjectConfigurationPlatforms) = postSolution
		{D1C2CF6B-F94D-4EA0-95F5-D84C1C000D3B}.Debug|Any CPU.ActiveCfg = Debug|Any CPU
		{D1C2CF6B-F94D-4EA0-95F5-D84C1C000D3B}.Debug|Any CPU.Build.0 = Debug|Any CPU
		{D1C2CF6B-F94D-4EA0-95F5-D84C1C000D3B}.Release|Any CPU.ActiveCfg = Release|Any CPU
		{D1C2CF6B-F94D-4EA0-95F5-D84C1C000D3B}.Release|Any CPU.Build.0 = Release|Any CPU
	EndGlobalSection
	GlobalSection(SolutionProperties) = preSolution
		HideSolutionNode = FALSE
	EndGlobalSection
	GlobalSection(ExtensibilityGlobals) = postSolution
		SolutionGuid = {F93B6FE2-A487-49C9-A316-25A69A248514}
	EndGlobalSection
EndGlobal
