
Microsoft Visual Studio Solution File, Format Version 12.00
# Visual Studio Version 16
VisualStudioVersion = 16.0.29326.143
MinimumVisualStudioVersion = 10.0.40219.1
Project("{FAE04EC0-301F-11D3-BF4B-00C04F79EFBC}") = "ThirdDigit-InBinary1Or0", "ThirdDigit-InBinary1Or0\ThirdDigit-InBinary1Or0.csproj", "{5BF801F5-B918-40F0-8D6A-E1672353C556}"
EndProject
Global
	GlobalSection(SolutionConfigurationPlatforms) = preSolution
		Debug|Any CPU = Debug|Any CPU
		Release|Any CPU = Release|Any CPU
	EndGlobalSection
	GlobalSection(ProjectConfigurationPlatforms) = postSolution
		{5BF801F5-B918-40F0-8D6A-E1672353C556}.Debug|Any CPU.ActiveCfg = Debug|Any CPU
		{5BF801F5-B918-40F0-8D6A-E1672353C556}.Debug|Any CPU.Build.0 = Debug|Any CPU
		{5BF801F5-B918-40F0-8D6A-E1672353C556}.Release|Any CPU.ActiveCfg = Release|Any CPU
		{5BF801F5-B918-40F0-8D6A-E1672353C556}.Release|Any CPU.Build.0 = Release|Any CPU
	EndGlobalSection
	GlobalSection(SolutionProperties) = preSolution
		HideSolutionNode = FALSE
	EndGlobalSection
	GlobalSection(ExtensibilityGlobals) = postSolution
		SolutionGuid = {AB40A8A5-E2BE-4055-B414-20D1A4B92164}
	EndGlobalSection
EndGlobal
