
Microsoft Visual Studio Solution File, Format Version 12.00
# Visual Studio Version 16
VisualStudioVersion = 16.0.29326.143
MinimumVisualStudioVersion = 10.0.40219.1
Project("{FAE04EC0-301F-11D3-BF4B-00C04F79EFBC}") = "ChangeBitAtP", "ChangeBitAtP\ChangeBitAtP.csproj", "{16F3801A-1217-4F1B-B1A7-6766A78690F4}"
EndProject
Global
	GlobalSection(SolutionConfigurationPlatforms) = preSolution
		Debug|Any CPU = Debug|Any CPU
		Release|Any CPU = Release|Any CPU
	EndGlobalSection
	GlobalSection(ProjectConfigurationPlatforms) = postSolution
		{16F3801A-1217-4F1B-B1A7-6766A78690F4}.Debug|Any CPU.ActiveCfg = Debug|Any CPU
		{16F3801A-1217-4F1B-B1A7-6766A78690F4}.Debug|Any CPU.Build.0 = Debug|Any CPU
		{16F3801A-1217-4F1B-B1A7-6766A78690F4}.Release|Any CPU.ActiveCfg = Release|Any CPU
		{16F3801A-1217-4F1B-B1A7-6766A78690F4}.Release|Any CPU.Build.0 = Release|Any CPU
	EndGlobalSection
	GlobalSection(SolutionProperties) = preSolution
		HideSolutionNode = FALSE
	EndGlobalSection
	GlobalSection(ExtensibilityGlobals) = postSolution
		SolutionGuid = {E4F755C5-2883-4D63-8EB7-4CB3E751D2EE}
	EndGlobalSection
EndGlobal
