
Microsoft Visual Studio Solution File, Format Version 12.00
# Visual Studio Version 16
VisualStudioVersion = 16.0.29609.76
MinimumVisualStudioVersion = 10.0.40219.1
Project("{FAE04EC0-301F-11D3-BF4B-00C04F79EFBC}") = "GenericClass", "GenericClass\GenericClass.csproj", "{A228DFDD-DC16-48D5-B6D7-394D02BA1DD1}"
EndProject
Global
	GlobalSection(SolutionConfigurationPlatforms) = preSolution
		Debug|Any CPU = Debug|Any CPU
		Release|Any CPU = Release|Any CPU
	EndGlobalSection
	GlobalSection(ProjectConfigurationPlatforms) = postSolution
		{A228DFDD-DC16-48D5-B6D7-394D02BA1DD1}.Debug|Any CPU.ActiveCfg = Debug|Any CPU
		{A228DFDD-DC16-48D5-B6D7-394D02BA1DD1}.Debug|Any CPU.Build.0 = Debug|Any CPU
		{A228DFDD-DC16-48D5-B6D7-394D02BA1DD1}.Release|Any CPU.ActiveCfg = Release|Any CPU
		{A228DFDD-DC16-48D5-B6D7-394D02BA1DD1}.Release|Any CPU.Build.0 = Release|Any CPU
	EndGlobalSection
	GlobalSection(SolutionProperties) = preSolution
		HideSolutionNode = FALSE
	EndGlobalSection
	GlobalSection(ExtensibilityGlobals) = postSolution
		SolutionGuid = {2FED4815-CF8C-4FEC-A51F-BAC59CB195E5}
	EndGlobalSection
EndGlobal
