
Microsoft Visual Studio Solution File, Format Version 12.00
# Visual Studio Version 16
VisualStudioVersion = 16.0.29609.76
MinimumVisualStudioVersion = 10.0.40219.1
Project("{FAE04EC0-301F-11D3-BF4B-00C04F79EFBC}") = "Replace with astericks", "Replace with astericks\Replace with astericks.csproj", "{35DB07A1-B3B4-4E0C-8170-FAB60F3BB0D5}"
EndProject
Global
	GlobalSection(SolutionConfigurationPlatforms) = preSolution
		Debug|Any CPU = Debug|Any CPU
		Release|Any CPU = Release|Any CPU
	EndGlobalSection
	GlobalSection(ProjectConfigurationPlatforms) = postSolution
		{35DB07A1-B3B4-4E0C-8170-FAB60F3BB0D5}.Debug|Any CPU.ActiveCfg = Debug|Any CPU
		{35DB07A1-B3B4-4E0C-8170-FAB60F3BB0D5}.Debug|Any CPU.Build.0 = Debug|Any CPU
		{35DB07A1-B3B4-4E0C-8170-FAB60F3BB0D5}.Release|Any CPU.ActiveCfg = Release|Any CPU
		{35DB07A1-B3B4-4E0C-8170-FAB60F3BB0D5}.Release|Any CPU.Build.0 = Release|Any CPU
	EndGlobalSection
	GlobalSection(SolutionProperties) = preSolution
		HideSolutionNode = FALSE
	EndGlobalSection
	GlobalSection(ExtensibilityGlobals) = postSolution
		SolutionGuid = {DC56692E-E289-4372-9733-7E9D262B410D}
	EndGlobalSection
EndGlobal
