
Microsoft Visual Studio Solution File, Format Version 12.00
# Visual Studio Version 16
VisualStudioVersion = 16.0.29326.143
MinimumVisualStudioVersion = 10.0.40219.1
Project("{FAE04EC0-301F-11D3-BF4B-00C04F79EFBC}") = "NotMod21Number1ToN", "NotMod21Number1ToN\NotMod21Number1ToN.csproj", "{3CBD8E3B-13F2-45B6-BB72-F73A5D822EB1}"
EndProject
Global
	GlobalSection(SolutionConfigurationPlatforms) = preSolution
		Debug|Any CPU = Debug|Any CPU
		Release|Any CPU = Release|Any CPU
	EndGlobalSection
	GlobalSection(ProjectConfigurationPlatforms) = postSolution
		{3CBD8E3B-13F2-45B6-BB72-F73A5D822EB1}.Debug|Any CPU.ActiveCfg = Debug|Any CPU
		{3CBD8E3B-13F2-45B6-BB72-F73A5D822EB1}.Debug|Any CPU.Build.0 = Debug|Any CPU
		{3CBD8E3B-13F2-45B6-BB72-F73A5D822EB1}.Release|Any CPU.ActiveCfg = Release|Any CPU
		{3CBD8E3B-13F2-45B6-BB72-F73A5D822EB1}.Release|Any CPU.Build.0 = Release|Any CPU
	EndGlobalSection
	GlobalSection(SolutionProperties) = preSolution
		HideSolutionNode = FALSE
	EndGlobalSection
	GlobalSection(ExtensibilityGlobals) = postSolution
		SolutionGuid = {9EEA0008-30E8-4990-9D69-55BC921A15CD}
	EndGlobalSection
EndGlobal
