
Microsoft Visual Studio Solution File, Format Version 12.00
# Visual Studio Version 16
VisualStudioVersion = 16.0.29609.76
MinimumVisualStudioVersion = 10.0.40219.1
Project("{FAE04EC0-301F-11D3-BF4B-00C04F79EFBC}") = "Read Ten Numbers", "Read Ten Numbers\Read Ten Numbers.csproj", "{9F289672-3A47-4C45-BB4F-7AC66DB1F003}"
EndProject
Global
	GlobalSection(SolutionConfigurationPlatforms) = preSolution
		Debug|Any CPU = Debug|Any CPU
		Release|Any CPU = Release|Any CPU
	EndGlobalSection
	GlobalSection(ProjectConfigurationPlatforms) = postSolution
		{9F289672-3A47-4C45-BB4F-7AC66DB1F003}.Debug|Any CPU.ActiveCfg = Debug|Any CPU
		{9F289672-3A47-4C45-BB4F-7AC66DB1F003}.Debug|Any CPU.Build.0 = Debug|Any CPU
		{9F289672-3A47-4C45-BB4F-7AC66DB1F003}.Release|Any CPU.ActiveCfg = Release|Any CPU
		{9F289672-3A47-4C45-BB4F-7AC66DB1F003}.Release|Any CPU.Build.0 = Release|Any CPU
	EndGlobalSection
	GlobalSection(SolutionProperties) = preSolution
		HideSolutionNode = FALSE
	EndGlobalSection
	GlobalSection(ExtensibilityGlobals) = postSolution
		SolutionGuid = {C4B052E9-0AFA-4C9F-A578-03B7D51A7CE2}
	EndGlobalSection
EndGlobal
