
Microsoft Visual Studio Solution File, Format Version 12.00
# Visual Studio Version 16
VisualStudioVersion = 16.0.29609.76
MinimumVisualStudioVersion = 10.0.40219.1
Project("{FAE04EC0-301F-11D3-BF4B-00C04F79EFBC}") = "Increasing Sequence", "Increasing Sequence\Increasing Sequence.csproj", "{3CF52887-91AD-43F8-89B5-616088E55C64}"
EndProject
Global
	GlobalSection(SolutionConfigurationPlatforms) = preSolution
		Debug|Any CPU = Debug|Any CPU
		Release|Any CPU = Release|Any CPU
	EndGlobalSection
	GlobalSection(ProjectConfigurationPlatforms) = postSolution
		{3CF52887-91AD-43F8-89B5-616088E55C64}.Debug|Any CPU.ActiveCfg = Debug|Any CPU
		{3CF52887-91AD-43F8-89B5-616088E55C64}.Debug|Any CPU.Build.0 = Debug|Any CPU
		{3CF52887-91AD-43F8-89B5-616088E55C64}.Release|Any CPU.ActiveCfg = Release|Any CPU
		{3CF52887-91AD-43F8-89B5-616088E55C64}.Release|Any CPU.Build.0 = Release|Any CPU
	EndGlobalSection
	GlobalSection(SolutionProperties) = preSolution
		HideSolutionNode = FALSE
	EndGlobalSection
	GlobalSection(ExtensibilityGlobals) = postSolution
		SolutionGuid = {173C1F3B-C150-40D9-B308-5D1F14F7DAB2}
	EndGlobalSection
EndGlobal
