
Microsoft Visual Studio Solution File, Format Version 12.00
# Visual Studio Version 16
VisualStudioVersion = 16.0.29613.14
MinimumVisualStudioVersion = 10.0.40219.1
Project("{FAE04EC0-301F-11D3-BF4B-00C04F79EFBC}") = "Subsets of a set of words", "Subsets of a set of words\Subsets of a set of words.csproj", "{78110A50-AD08-4B01-AAE8-9F70A91460B0}"
EndProject
Global
	GlobalSection(SolutionConfigurationPlatforms) = preSolution
		Debug|Any CPU = Debug|Any CPU
		Release|Any CPU = Release|Any CPU
	EndGlobalSection
	GlobalSection(ProjectConfigurationPlatforms) = postSolution
		{78110A50-AD08-4B01-AAE8-9F70A91460B0}.Debug|Any CPU.ActiveCfg = Debug|Any CPU
		{78110A50-AD08-4B01-AAE8-9F70A91460B0}.Debug|Any CPU.Build.0 = Debug|Any CPU
		{78110A50-AD08-4B01-AAE8-9F70A91460B0}.Release|Any CPU.ActiveCfg = Release|Any CPU
		{78110A50-AD08-4B01-AAE8-9F70A91460B0}.Release|Any CPU.Build.0 = Release|Any CPU
	EndGlobalSection
	GlobalSection(SolutionProperties) = preSolution
		HideSolutionNode = FALSE
	EndGlobalSection
	GlobalSection(ExtensibilityGlobals) = postSolution
		SolutionGuid = {E8B0901F-A443-4D7D-A514-0DAEFE341020}
	EndGlobalSection
EndGlobal
